{
  "name": "@autorest/bicep",
  "version": "1.0.0",
  "lockfileVersion": 1,
  "requires": true,
  "dependencies": {
    "@autorest/codemodel": {
      "version": "4.19.2",
      "resolved": "https://registry.npmjs.org/@autorest/codemodel/-/codemodel-4.19.2.tgz",
      "integrity": "sha512-MENLWZxm4bcoJJw20egNeD4nmuhVUOftoIAMgCx+Qicb32sJxJiPBD6L7rjPjmSWlDQe8hP6vWc4Ig1ncZ3J4g==",
      "requires": {
        "@azure-tools/codegen": "~2.9.1",
        "js-yaml": "~4.0.0"
      }
    },
    "@autorest/extension-base": {
      "version": "3.5.0",
      "resolved": "https://registry.npmjs.org/@autorest/extension-base/-/extension-base-3.5.0.tgz",
      "integrity": "sha512-G+jRTAm9Zd0GRpj6Slsj7QPQDKuy4SFtnuWT7XTcCOJ/R5FU3jPBC73J57Jd4S2SDnlAnWmmX12IeBy/XqJFTw==",
      "requires": {
        "@azure-tools/codegen": "~2.9.1",
        "js-yaml": "~4.0.0",
        "vscode-jsonrpc": "^3.5.0"
      }
    },
    "@azure-tools/async-io": {
      "version": "3.0.254",
      "resolved": "https://registry.npmjs.org/@azure-tools/async-io/-/async-io-3.0.254.tgz",
      "integrity": "sha512-X1C7XdyCuo50ch9FzKtTvmK18FgDxxf1Bbt3cSoknQqeDaRegHSSCO+zByq2YA4NvUzKXeZ1engh29IDxZXgpQ==",
      "requires": {
        "@azure-tools/tasks": "~3.0.255",
        "proper-lockfile": "~2.0.1"
      }
    },
    "@azure-tools/codegen": {
      "version": "2.9.1",
      "resolved": "https://registry.npmjs.org/@azure-tools/codegen/-/codegen-2.9.1.tgz",
      "integrity": "sha512-qlQSMaSUtrhlnW/XqgOeOcAfDw5kLUWq16DcjbnvxRC/F4QepqtNth4PHgHM+1UXZeWuiGj5sAsLQnm/9CApDQ==",
      "requires": {
        "@azure-tools/async-io": "~3.0.0",
        "js-yaml": "~4.0.0",
        "semver": "^7.3.5"
      }
    },
    "@azure-tools/tasks": {
      "version": "3.0.255",
      "resolved": "https://registry.npmjs.org/@azure-tools/tasks/-/tasks-3.0.255.tgz",
      "integrity": "sha512-GjALNLz7kWMEdRVbaN5g0cJHNAr3XVTbP0611Mv2UzMgGL6FOhNZJK+oPHJKLDR8EEDZNnkwPlyi7B+INXUSQA=="
    },
    "@types/lodash": {
      "version": "4.14.185",
      "resolved": "https://registry.npmjs.org/@types/lodash/-/lodash-4.14.185.tgz",
      "integrity": "sha512-evMDG1bC4rgQg4ku9tKpuMh5iBNEwNa3tf9zRHdP1qlv+1WUg44xat4IxCE14gIpZRGUUWAx2VhItCZc25NfMA=="
    },
    "@types/node": {
      "version": "18.7.18",
      "resolved": "https://registry.npmjs.org/@types/node/-/node-18.7.18.tgz",
      "integrity": "sha512-m+6nTEOadJZuTPkKR/SYK3A2d7FZrgElol9UP1Kae90VVU4a6mxnPuLiIW1m4Cq4gZ/nWb9GrdVXJCoCazDAbg==",
      "dev": true
    },
    "argparse": {
      "version": "2.0.1",
      "resolved": "https://registry.npmjs.org/argparse/-/argparse-2.0.1.tgz",
      "integrity": "sha512-8+9WqebbFzpX9OR+Wa6O29asIogeRMzcGtAINdpMHHyAg10f05aSFVBbcEqGf/PXw1EjAZ+q2/bEBg3DvurK3Q=="
    },
    "autorest": {
      "version": "3.6.2",
      "resolved": "https://registry.npmjs.org/autorest/-/autorest-3.6.2.tgz",
      "integrity": "sha512-JRMmAsSG4wplYUkjVOWELidF+P/OG9BjF542aQcbt4Qj85bJ+7EzRCTV09vbf8f4ScOB+I68+9IcskjNTU9UkQ=="
    },
    "graceful-fs": {
      "version": "4.2.8",
      "resolved": "https://registry.npmjs.org/graceful-fs/-/graceful-fs-4.2.8.tgz",
      "integrity": "sha512-qkIilPUYcNhJpd33n0GBXTB1MMPp14TxEsEs0pTrsSVucApsYzW5V+Q8Qxhik6KU3evy+qkAAowTByymK0avdg=="
    },
    "js-yaml": {
      "version": "4.0.0",
      "resolved": "https://registry.npmjs.org/js-yaml/-/js-yaml-4.0.0.tgz",
      "integrity": "sha512-pqon0s+4ScYUvX30wxQi3PogGFAlUyH0awepWvwkj4jD4v+ova3RiYw8bmA6x2rDrEaj8i/oWKoRxpVNW+Re8Q==",
      "requires": {
        "argparse": "^2.0.1"
      }
    },
    "lodash": {
      "version": "4.17.21",
      "resolved": "https://registry.npmjs.org/lodash/-/lodash-4.17.21.tgz",
      "integrity": "sha512-v2kDEe57lecTulaDIuNTPy3Ry4gLGJ6Z1O3vE1krgXZNrsQ+LFTGHVxVjcXPs17LhbZVGedAJv8XZ1tvj5FvSg=="
    },
    "lru-cache": {
      "version": "6.0.0",
      "resolved": "https://registry.npmjs.org/lru-cache/-/lru-cache-6.0.0.tgz",
      "integrity": "sha512-Jo6dJ04CmSjuznwJSS3pUeWmd/H0ffTlkXXgwZi+eq1UCmqQwCh+eLsYOYCwY991i2Fah4h1BEMCx4qThGbsiA==",
      "requires": {
        "yallist": "^4.0.0"
      }
    },
    "proper-lockfile": {
      "version": "2.0.1",
      "resolved": "https://registry.npmjs.org/proper-lockfile/-/proper-lockfile-2.0.1.tgz",
      "integrity": "sha1-FZ+wYZPTIAP0s2kd0uwaY0qoDR0=",
      "requires": {
        "graceful-fs": "^4.1.2",
        "retry": "^0.10.0"
      }
    },
    "retry": {
      "version": "0.10.1",
      "resolved": "https://registry.npmjs.org/retry/-/retry-0.10.1.tgz",
      "integrity": "sha1-52OI0heZLCUnUCQdPTlW/tmNj/Q="
    },
    "semver": {
      "version": "7.3.7",
      "resolved": "https://registry.npmjs.org/semver/-/semver-7.3.7.tgz",
      "integrity": "sha512-QlYTucUYOews+WeEujDoEGziz4K6c47V/Bd+LjSSYcA94p+DmINdf7ncaUinThfvZyu13lN9OY1XDxt8C0Tw0g==",
      "requires": {
        "lru-cache": "^6.0.0"
      }
    },
    "typescript": {
      "version": "4.8.3",
      "resolved": "https://registry.npmjs.org/typescript/-/typescript-4.8.3.tgz",
      "integrity": "sha512-goMHfm00nWPa8UvR/CPSvykqf6dVV8x/dp0c5mFTMTIu0u0FlGWRioyy7Nn0PGAdHxpJZnuO/ut+PpQ8UiHAig==",
      "dev": true
    },
    "vscode-jsonrpc": {
      "version": "3.6.2",
      "resolved": "https://registry.npmjs.org/vscode-jsonrpc/-/vscode-jsonrpc-3.6.2.tgz",
      "integrity": "sha512-T24Jb5V48e4VgYliUXMnZ379ItbrXgOimweKaJshD84z+8q7ZOZjJan0MeDe+Ugb+uqERDVV8SBmemaGMSMugA=="
    },
    "yallist": {
      "version": "4.0.0",
      "resolved": "https://registry.npmjs.org/yallist/-/yallist-4.0.0.tgz",
      "integrity": "sha512-3wdGidZyq5PB084XLES5TpOSRA3wjXAlIWMhum2kRcv/41Sn2emQ0dycQW4uZXLejwKvg6EsvbdlVL+FYEct7A=="
    }
  }
}
